
Microsoft Visual Studio Solution File, Format Version 12.00
# Visual Studio Version 16
VisualStudioVersion = 16.0.28803.202
MinimumVisualStudioVersion = 10.0.40219.1
Project("{FAE04EC0-301F-11D3-BF4B-00C04F79EFBC}") = "ProgrammingBlockchain1", "ProgrammingBlockchain1\ProgrammingBlockchain1.csproj", "{674FB7EA-3CF8-4A08-AA57-9D3D1CB0E384}"
EndProject
Global
	GlobalSection(SolutionConfigurationPlatforms) = preSolution
		Debug|Any CPU = Debug|Any CPU
		Release|Any CPU = Release|Any CPU
	EndGlobalSection
	GlobalSection(ProjectConfigurationPlatforms) = postSolution
		{674FB7EA-3CF8-4A08-AA57-9D3D1CB0E384}.Debug|Any CPU.ActiveCfg = Debug|Any CPU
		{674FB7EA-3CF8-4A08-AA57-9D3D1CB0E384}.Debug|Any CPU.Build.0 = Debug|Any CPU
		{674FB7EA-3CF8-4A08-AA57-9D3D1CB0E384}.Release|Any CPU.ActiveCfg = Release|Any CPU
		{674FB7EA-3CF8-4A08-AA57-9D3D1CB0E384}.Release|Any CPU.Build.0 = Release|Any CPU
	EndGlobalSection
	GlobalSection(SolutionProperties) = preSolution
		HideSolutionNode = FALSE
	EndGlobalSection
	GlobalSection(ExtensibilityGlobals) = postSolution
		SolutionGuid = {E80D3D74-6908-405F-A9E2-FF015664DF11}
	EndGlobalSection
EndGlobal
